
Microsoft Visual Studio Solution File, Format Version 12.00
# Visual Studio Version 17
VisualStudioVersion = 17.8.34408.163
MinimumVisualStudioVersion = 10.0.40219.1
Project("{9A19103F-16F7-4668-BE54-9A1E7A4F7556}") = "KledijModule", "KledijModule\KledijModule.csproj", "{F42C3E0D-F09A-4F7B-8BD6-A6E85BCB56A7}"
EndProject
Project("{2150E333-8FDC-42A3-9474-1A3956D46DE8}") = "Core", "Core", "{AB6E1FBA-F0F2-403E-BFFE-4645319F3E46}"
EndProject
Project("{9A19103F-16F7-4668-BE54-9A1E7A4F7556}") = "ProjectCore", "ProjectCore\ProjectCore.csproj", "{85273864-EA55-48DD-88D4-076AFF005357}"
EndProject
Project("{2150E333-8FDC-42A3-9474-1A3956D46DE8}") = "WebApp", "WebApp", "{688FEAC7-0877-4B10-9A48-C270E0002F54}"
EndProject
Project("{E53339B2-1760-4266-BCC7-CA923CBCF16C}") = "docker-compose", "docker-compose.dcproj", "{C09DB945-D6E3-4295-AC2A-C87C5D940D20}"
EndProject
Global
	GlobalSection(SolutionConfigurationPlatforms) = preSolution
		Debug|Any CPU = Debug|Any CPU
		Release|Any CPU = Release|Any CPU
	EndGlobalSection
	GlobalSection(ProjectConfigurationPlatforms) = postSolution
		{F42C3E0D-F09A-4F7B-8BD6-A6E85BCB56A7}.Debug|Any CPU.ActiveCfg = Debug|Any CPU
		{F42C3E0D-F09A-4F7B-8BD6-A6E85BCB56A7}.Debug|Any CPU.Build.0 = Debug|Any CPU
		{F42C3E0D-F09A-4F7B-8BD6-A6E85BCB56A7}.Release|Any CPU.ActiveCfg = Release|Any CPU
		{F42C3E0D-F09A-4F7B-8BD6-A6E85BCB56A7}.Release|Any CPU.Build.0 = Release|Any CPU
		{85273864-EA55-48DD-88D4-076AFF005357}.Debug|Any CPU.ActiveCfg = Debug|Any CPU
		{85273864-EA55-48DD-88D4-076AFF005357}.Debug|Any CPU.Build.0 = Debug|Any CPU
		{85273864-EA55-48DD-88D4-076AFF005357}.Release|Any CPU.ActiveCfg = Release|Any CPU
		{85273864-EA55-48DD-88D4-076AFF005357}.Release|Any CPU.Build.0 = Release|Any CPU
		{C09DB945-D6E3-4295-AC2A-C87C5D940D20}.Debug|Any CPU.ActiveCfg = Debug|Any CPU
		{C09DB945-D6E3-4295-AC2A-C87C5D940D20}.Debug|Any CPU.Build.0 = Debug|Any CPU
		{C09DB945-D6E3-4295-AC2A-C87C5D940D20}.Release|Any CPU.ActiveCfg = Release|Any CPU
		{C09DB945-D6E3-4295-AC2A-C87C5D940D20}.Release|Any CPU.Build.0 = Release|Any CPU
	EndGlobalSection
	GlobalSection(SolutionProperties) = preSolution
		HideSolutionNode = FALSE
	EndGlobalSection
	GlobalSection(NestedProjects) = preSolution
		{F42C3E0D-F09A-4F7B-8BD6-A6E85BCB56A7} = {688FEAC7-0877-4B10-9A48-C270E0002F54}
		{85273864-EA55-48DD-88D4-076AFF005357} = {AB6E1FBA-F0F2-403E-BFFE-4645319F3E46}
	EndGlobalSection
	GlobalSection(ExtensibilityGlobals) = postSolution
		SolutionGuid = {7EC48705-98B1-4854-95A2-2CD6FBA9F119}
	EndGlobalSection
EndGlobal
